
Microsoft Visual Studio Solution File, Format Version 12.00
# Visual Studio Version 17
VisualStudioVersion = 17.4.33213.308
MinimumVisualStudioVersion = 10.0.40219.1
Project("{FAE04EC0-301F-11D3-BF4B-00C04F79EFBC}") = "Tabletop Organiser", "Tabletop Organiser.csproj", "{5DEB5D93-2319-4770-A488-72BC0373F371}"
EndProject
Global
	GlobalSection(SolutionConfigurationPlatforms) = preSolution
		Debug|Any CPU = Debug|Any CPU
		Release|Any CPU = Release|Any CPU
	EndGlobalSection
	GlobalSection(ProjectConfigurationPlatforms) = postSolution
		{5DEB5D93-2319-4770-A488-72BC0373F371}.Debug|Any CPU.ActiveCfg = Debug|Any CPU
		{5DEB5D93-2319-4770-A488-72BC0373F371}.Debug|Any CPU.Build.0 = Debug|Any CPU
		{5DEB5D93-2319-4770-A488-72BC0373F371}.Release|Any CPU.ActiveCfg = Release|Any CPU
		{5DEB5D93-2319-4770-A488-72BC0373F371}.Release|Any CPU.Build.0 = Release|Any CPU
	EndGlobalSection
	GlobalSection(SolutionProperties) = preSolution
		HideSolutionNode = FALSE
	EndGlobalSection
	GlobalSection(ExtensibilityGlobals) = postSolution
		SolutionGuid = {69D36EF1-17E2-4DD0-8DB5-E30652C213F2}
	EndGlobalSection
EndGlobal
